{
  "version": 4,
  "terraform_version": "1.0.9",
  "serial": 434,
  "lineage": "fca32d84-9e22-b890-b97b-26337d1ca181",
  "outputs": {},
  "resources": [
    {
      "mode": "managed",
      "type": "null_resource",
      "name": "provision2",
      "provider": "provider[\"registry.terraform.io/hashicorp/null\"]",
      "instances": []
    },
    {
      "mode": "managed",
      "type": "openstack_compute_floatingip_associate_v2",
      "name": "floatip_1",
      "provider": "provider[\"registry.terraform.io/terraform-provider-openstack/openstack\"]",
      "instances": []
    },
    {
      "mode": "managed",
      "type": "openstack_compute_floatingip_associate_v2",
      "name": "floatip_2",
      "provider": "provider[\"registry.terraform.io/terraform-provider-openstack/openstack\"]",
      "instances": [
        {
          "schema_version": 0,
          "attributes": {
            "fixed_ip": "",
            "floating_ip": "130.238.29.212",
            "id": "130.238.29.212/9dec5ffd-2434-423c-ad7a-d2150a4f43a3/",
            "instance_id": "9dec5ffd-2434-423c-ad7a-d2150a4f43a3",
            "region": "east-1",
            "timeouts": null,
            "wait_until_associated": null
          },
          "sensitive_attributes": [],
          "private": "eyJlMmJmYjczMC1lY2FhLTExZTYtOGY4OC0zNDM2M2JjN2M0YzAiOnsiY3JlYXRlIjo2MDAwMDAwMDAwMDB9fQ==",
          "dependencies": [
            "openstack_compute_instance_v2.spark_master",
            "openstack_networking_floatingip_v2.floatip_2"
          ]
        }
      ]
    },
    {
      "mode": "managed",
      "type": "openstack_compute_floatingip_associate_v2",
      "name": "floatip_3",
      "provider": "provider[\"registry.terraform.io/terraform-provider-openstack/openstack\"]",
      "instances": [
        {
          "index_key": 0,
          "schema_version": 0,
          "attributes": {
            "fixed_ip": "",
            "floating_ip": "130.238.29.233",
            "id": "130.238.29.233/a774d725-5ba4-4359-ba33-7e480f7439ad/",
            "instance_id": "a774d725-5ba4-4359-ba33-7e480f7439ad",
            "region": "east-1",
            "timeouts": null,
            "wait_until_associated": null
          },
          "sensitive_attributes": [],
          "private": "eyJlMmJmYjczMC1lY2FhLTExZTYtOGY4OC0zNDM2M2JjN2M0YzAiOnsiY3JlYXRlIjo2MDAwMDAwMDAwMDB9fQ==",
          "dependencies": [
            "openstack_compute_instance_v2.worker",
            "openstack_networking_floatingip_v2.floatip_3"
          ]
        }
      ]
    },
    {
      "mode": "managed",
      "type": "openstack_compute_instance_v2",
      "name": "ansible_master",
      "provider": "provider[\"registry.terraform.io/terraform-provider-openstack/openstack\"]",
      "instances": []
    },
    {
      "mode": "managed",
      "type": "openstack_compute_instance_v2",
      "name": "spark_master",
      "provider": "provider[\"registry.terraform.io/terraform-provider-openstack/openstack\"]",
      "instances": [
        {
          "schema_version": 0,
          "attributes": {
            "access_ip_v4": "192.168.2.7",
            "access_ip_v6": "",
            "admin_pass": null,
            "all_metadata": {},
            "all_tags": [],
            "availability_zone": "nova",
            "availability_zone_hints": null,
            "block_device": [],
            "config_drive": null,
            "flavor_id": "0932e847-86f6-432b-bd4e-efb65a9e4c7e",
            "flavor_name": "ssc.large",
            "floating_ip": null,
            "force_delete": false,
            "id": "9dec5ffd-2434-423c-ad7a-d2150a4f43a3",
            "image_id": "0b7f5fb5-a25c-48b6-8578-06dbfa160723",
            "image_name": "Ubuntu 18.04",
            "key_pair": "keypairQTL",
            "metadata": null,
            "name": "spark_master-vm",
            "network": [
              {
                "access_network": false,
                "fixed_ip_v4": "192.168.2.7",
                "fixed_ip_v6": "",
                "floating_ip": "",
                "mac": "fa:16:3e:24:8d:c8",
                "name": "UPPMAX 2021/1-5 Internal IPv4 Network",
                "port": "",
                "uuid": "e91303a0-9bfb-404c-84ec-07d6fbf8f33c"
              }
            ],
            "network_mode": null,
            "personality": [],
            "power_state": "active",
            "region": "east-1",
            "scheduler_hints": [],
            "security_groups": [
              "default"
            ],
            "stop_before_destroy": false,
            "tags": null,
            "timeouts": null,
            "user_data": null,
            "vendor_options": [],
            "volume": []
          },
          "sensitive_attributes": [],
          "private": "eyJlMmJmYjczMC1lY2FhLTExZTYtOGY4OC0zNDM2M2JjN2M0YzAiOnsiY3JlYXRlIjoxODAwMDAwMDAwMDAwLCJkZWxldGUiOjE4MDAwMDAwMDAwMDAsInVwZGF0ZSI6MTgwMDAwMDAwMDAwMH19"
        }
      ]
    },
    {
      "mode": "managed",
      "type": "openstack_compute_instance_v2",
      "name": "worker",
      "provider": "provider[\"registry.terraform.io/terraform-provider-openstack/openstack\"]",
      "instances": [
        {
          "index_key": 0,
          "schema_version": 0,
          "attributes": {
            "access_ip_v4": "192.168.2.34",
            "access_ip_v6": "",
            "admin_pass": null,
            "all_metadata": {},
            "all_tags": [],
            "availability_zone": "nova",
            "availability_zone_hints": null,
            "block_device": [],
            "config_drive": null,
            "flavor_id": "0932e847-86f6-432b-bd4e-efb65a9e4c7e",
            "flavor_name": "ssc.large",
            "floating_ip": null,
            "force_delete": false,
            "id": "a774d725-5ba4-4359-ba33-7e480f7439ad",
            "image_id": "0b7f5fb5-a25c-48b6-8578-06dbfa160723",
            "image_name": "Ubuntu 18.04",
            "key_pair": "keypairQTL",
            "metadata": null,
            "name": "sparkworker0",
            "network": [
              {
                "access_network": false,
                "fixed_ip_v4": "192.168.2.34",
                "fixed_ip_v6": "",
                "floating_ip": "",
                "mac": "fa:16:3e:85:68:2e",
                "name": "UPPMAX 2021/1-5 Internal IPv4 Network",
                "port": "",
                "uuid": "e91303a0-9bfb-404c-84ec-07d6fbf8f33c"
              }
            ],
            "network_mode": null,
            "personality": [],
            "power_state": "active",
            "region": "east-1",
            "scheduler_hints": [],
            "security_groups": [
              "default"
            ],
            "stop_before_destroy": false,
            "tags": null,
            "timeouts": null,
            "user_data": null,
            "vendor_options": [],
            "volume": []
          },
          "sensitive_attributes": [],
          "private": "eyJlMmJmYjczMC1lY2FhLTExZTYtOGY4OC0zNDM2M2JjN2M0YzAiOnsiY3JlYXRlIjoxODAwMDAwMDAwMDAwLCJkZWxldGUiOjE4MDAwMDAwMDAwMDAsInVwZGF0ZSI6MTgwMDAwMDAwMDAwMH19"
        }
      ]
    },
    {
      "mode": "managed",
      "type": "openstack_compute_keypair_v2",
      "name": "test-keypair",
      "provider": "provider[\"registry.terraform.io/terraform-provider-openstack/openstack\"]",
      "instances": [
        {
          "schema_version": 0,
          "attributes": {
            "fingerprint": "79:ab:16:57:26:c3:1c:93:76:ad:da:8e:b6:e9:97:00",
            "id": "keypairQTL",
            "name": "keypairQTL",
            "private_key": "",
            "public_key": "ssh-rsa AAAAB3NzaC1yc2EAAAADAQABAAABAQDkuTihVgQNCf4rZPECy9KsTkO0DCcgJJUZX1IrYxww4fvaZFrafPd49UDvGlPDGHnvMdKdBXBBxNaU9Hr5jAfAJ209GhUtxaiI/uoEJxTyhYPWJoc+JVVtEZn0ixN5rxSWrz+u0XV/RRXpW1Pud5UVU7ZPJaENSzFCtxePJHNqZcp7lb50mcikI1vbfsa07g/7JG6QD4tzHt8lvnpO3K/liMXfqL5d/v9RB7Oiyyr2/FLjsPrjcW+43VRPvKVK4BhgUfZs/kJBXYIecnhbb2V6MidZEzg192iDGY6cgz8fCs37aYLZG0v6fP0Oxz4hEbxi+EXy534buU615VJiYg25 Generated-by-Nova",
            "region": "east-1",
            "value_specs": null
          },
          "sensitive_attributes": [],
          "private": "bnVsbA=="
        }
      ]
    },
    {
      "mode": "managed",
      "type": "openstack_networking_floatingip_v2",
      "name": "floatip_1",
      "provider": "provider[\"registry.terraform.io/terraform-provider-openstack/openstack\"]",
      "instances": [
        {
          "schema_version": 0,
          "attributes": {
            "address": "130.238.29.219",
            "all_tags": [],
            "description": "",
            "dns_domain": "",
            "dns_name": "",
            "fixed_ip": "",
            "id": "3b80e613-8941-4a32-b022-6d0da453d8a1",
            "pool": "Public External IPv4 Network",
            "port_id": "",
            "region": "east-1",
            "subnet_id": null,
            "subnet_ids": null,
            "tags": null,
            "tenant_id": "c32d121b91b648738e64d50490c05505",
            "timeouts": null,
            "value_specs": null
          },
          "sensitive_attributes": [],
          "private": "eyJlMmJmYjczMC1lY2FhLTExZTYtOGY4OC0zNDM2M2JjN2M0YzAiOnsiY3JlYXRlIjo2MDAwMDAwMDAwMDAsImRlbGV0ZSI6NjAwMDAwMDAwMDAwfX0="
        }
      ]
    },
    {
      "mode": "managed",
      "type": "openstack_networking_floatingip_v2",
      "name": "floatip_2",
      "provider": "provider[\"registry.terraform.io/terraform-provider-openstack/openstack\"]",
      "instances": [
        {
          "schema_version": 0,
          "attributes": {
            "address": "130.238.29.212",
            "all_tags": [],
            "description": "",
            "dns_domain": "",
            "dns_name": "",
            "fixed_ip": "",
            "id": "74e8fa2b-1b7d-46d3-9b4d-94c71e3180a5",
            "pool": "Public External IPv4 Network",
            "port_id": "",
            "region": "east-1",
            "subnet_id": null,
            "subnet_ids": null,
            "tags": null,
            "tenant_id": "c32d121b91b648738e64d50490c05505",
            "timeouts": null,
            "value_specs": null
          },
          "sensitive_attributes": [],
          "private": "eyJlMmJmYjczMC1lY2FhLTExZTYtOGY4OC0zNDM2M2JjN2M0YzAiOnsiY3JlYXRlIjo2MDAwMDAwMDAwMDAsImRlbGV0ZSI6NjAwMDAwMDAwMDAwfX0="
        }
      ]
    },
    {
      "mode": "managed",
      "type": "openstack_networking_floatingip_v2",
      "name": "floatip_3",
      "provider": "provider[\"registry.terraform.io/terraform-provider-openstack/openstack\"]",
      "instances": [
        {
          "index_key": 0,
          "schema_version": 0,
          "attributes": {
            "address": "130.238.29.233",
            "all_tags": [],
            "description": "",
            "dns_domain": "",
            "dns_name": "",
            "fixed_ip": "",
            "id": "c57da1f9-60fa-4138-a7b3-0952e29a50fc",
            "pool": "Public External IPv4 Network",
            "port_id": "",
            "region": "east-1",
            "subnet_id": null,
            "subnet_ids": null,
            "tags": null,
            "tenant_id": "c32d121b91b648738e64d50490c05505",
            "timeouts": null,
            "value_specs": null
          },
          "sensitive_attributes": [],
          "private": "eyJlMmJmYjczMC1lY2FhLTExZTYtOGY4OC0zNDM2M2JjN2M0YzAiOnsiY3JlYXRlIjo2MDAwMDAwMDAwMDAsImRlbGV0ZSI6NjAwMDAwMDAwMDAwfX0="
        }
      ]
    }
  ]
}
