{
  "version": 4,
  "terraform_version": "1.0.9",
  "serial": 115,
  "lineage": "fca32d84-9e22-b890-b97b-26337d1ca181",
  "outputs": {},
  "resources": [
    {
      "mode": "managed",
      "type": "openstack_compute_floatingip_associate_v2",
      "name": "floatip_1",
      "provider": "provider[\"registry.terraform.io/terraform-provider-openstack/openstack\"]",
      "instances": [
        {
          "schema_version": 0,
          "attributes": {
            "fixed_ip": "",
            "floating_ip": "130.238.28.15",
            "id": "130.238.28.15/15220720-9d33-4476-a47e-910f8f8dbf9c/",
            "instance_id": "15220720-9d33-4476-a47e-910f8f8dbf9c",
            "region": "east-1",
            "timeouts": null,
            "wait_until_associated": null
          },
          "sensitive_attributes": [],
          "private": "eyJlMmJmYjczMC1lY2FhLTExZTYtOGY4OC0zNDM2M2JjN2M0YzAiOnsiY3JlYXRlIjo2MDAwMDAwMDAwMDB9fQ==",
          "dependencies": [
            "openstack_compute_instance_v2.ansible_master",
            "openstack_networking_floatingip_v2.floatip_1"
          ]
        }
      ]
    },
    {
      "mode": "managed",
      "type": "openstack_compute_floatingip_associate_v2",
      "name": "floatip_2",
      "provider": "provider[\"registry.terraform.io/terraform-provider-openstack/openstack\"]",
      "instances": [
        {
          "schema_version": 0,
          "attributes": {
            "fixed_ip": "",
            "floating_ip": "130.238.28.211",
            "id": "130.238.28.211/1f87b112-05cb-4af2-bb38-44b36f9a67a5/",
            "instance_id": "1f87b112-05cb-4af2-bb38-44b36f9a67a5",
            "region": "east-1",
            "timeouts": null,
            "wait_until_associated": null
          },
          "sensitive_attributes": [],
          "private": "eyJlMmJmYjczMC1lY2FhLTExZTYtOGY4OC0zNDM2M2JjN2M0YzAiOnsiY3JlYXRlIjo2MDAwMDAwMDAwMDB9fQ==",
          "dependencies": [
            "openstack_compute_instance_v2.spark_master",
            "openstack_networking_floatingip_v2.floatip_2"
          ]
        }
      ]
    },
    {
      "mode": "managed",
      "type": "openstack_compute_floatingip_associate_v2",
      "name": "floatip_3",
      "provider": "provider[\"registry.terraform.io/terraform-provider-openstack/openstack\"]",
      "instances": [
        {
          "index_key": 0,
          "schema_version": 0,
          "attributes": {
            "fixed_ip": "",
            "floating_ip": "130.238.29.48",
            "id": "130.238.29.48/0932c68b-59b4-4051-ad80-eef8d3f9ba90/",
            "instance_id": "0932c68b-59b4-4051-ad80-eef8d3f9ba90",
            "region": "east-1",
            "timeouts": null,
            "wait_until_associated": null
          },
          "sensitive_attributes": [],
          "private": "eyJlMmJmYjczMC1lY2FhLTExZTYtOGY4OC0zNDM2M2JjN2M0YzAiOnsiY3JlYXRlIjo2MDAwMDAwMDAwMDB9fQ==",
          "dependencies": [
            "openstack_compute_instance_v2.worker",
            "openstack_networking_floatingip_v2.floatip_3"
          ]
        },
        {
          "index_key": 1,
          "schema_version": 0,
          "attributes": {
            "fixed_ip": "",
            "floating_ip": "130.238.29.130",
            "id": "130.238.29.130/061ea950-49c3-4b91-b2c0-625a1b688b24/",
            "instance_id": "061ea950-49c3-4b91-b2c0-625a1b688b24",
            "region": "east-1",
            "timeouts": null,
            "wait_until_associated": null
          },
          "sensitive_attributes": [],
          "private": "eyJlMmJmYjczMC1lY2FhLTExZTYtOGY4OC0zNDM2M2JjN2M0YzAiOnsiY3JlYXRlIjo2MDAwMDAwMDAwMDB9fQ==",
          "dependencies": [
            "openstack_compute_instance_v2.worker",
            "openstack_networking_floatingip_v2.floatip_3"
          ]
        },
        {
          "index_key": 2,
          "schema_version": 0,
          "attributes": {
            "fixed_ip": "",
            "floating_ip": "130.238.28.87",
            "id": "130.238.28.87/cabb7460-6fc1-43df-9b0d-c8793a0c806f/",
            "instance_id": "cabb7460-6fc1-43df-9b0d-c8793a0c806f",
            "region": "east-1",
            "timeouts": null,
            "wait_until_associated": null
          },
          "sensitive_attributes": [],
          "private": "eyJlMmJmYjczMC1lY2FhLTExZTYtOGY4OC0zNDM2M2JjN2M0YzAiOnsiY3JlYXRlIjo2MDAwMDAwMDAwMDB9fQ==",
          "dependencies": [
            "openstack_compute_instance_v2.worker",
            "openstack_networking_floatingip_v2.floatip_3"
          ]
        }
      ]
    },
    {
      "mode": "managed",
      "type": "openstack_compute_instance_v2",
      "name": "ansible_master",
      "provider": "provider[\"registry.terraform.io/terraform-provider-openstack/openstack\"]",
      "instances": [
        {
          "schema_version": 0,
          "attributes": {
            "access_ip_v4": "192.168.2.7",
            "access_ip_v6": "",
            "admin_pass": null,
            "all_metadata": {},
            "all_tags": [],
            "availability_zone": "nova",
            "availability_zone_hints": null,
            "block_device": [],
            "config_drive": null,
            "flavor_id": "0932e847-86f6-432b-bd4e-efb65a9e4c7e",
            "flavor_name": "ssc.large",
            "floating_ip": null,
            "force_delete": false,
            "id": "15220720-9d33-4476-a47e-910f8f8dbf9c",
            "image_id": "0b7f5fb5-a25c-48b6-8578-06dbfa160723",
            "image_name": "Ubuntu 18.04",
            "key_pair": "keypairQTL",
            "metadata": null,
            "name": "ansible_master-vm",
            "network": [
              {
                "access_network": false,
                "fixed_ip_v4": "192.168.2.7",
                "fixed_ip_v6": "",
                "floating_ip": "",
                "mac": "fa:16:3e:eb:04:95",
                "name": "UPPMAX 2021/1-5 Internal IPv4 Network",
                "port": "",
                "uuid": "e91303a0-9bfb-404c-84ec-07d6fbf8f33c"
              }
            ],
            "network_mode": null,
            "personality": [],
            "power_state": "active",
            "region": "east-1",
            "scheduler_hints": [],
            "security_groups": [
              "default"
            ],
            "stop_before_destroy": false,
            "tags": null,
            "timeouts": null,
            "user_data": null,
            "vendor_options": [],
            "volume": []
          },
          "sensitive_attributes": [],
          "private": "eyJlMmJmYjczMC1lY2FhLTExZTYtOGY4OC0zNDM2M2JjN2M0YzAiOnsiY3JlYXRlIjoxODAwMDAwMDAwMDAwLCJkZWxldGUiOjE4MDAwMDAwMDAwMDAsInVwZGF0ZSI6MTgwMDAwMDAwMDAwMH19"
        }
      ]
    },
    {
      "mode": "managed",
      "type": "openstack_compute_instance_v2",
      "name": "spark_master",
      "provider": "provider[\"registry.terraform.io/terraform-provider-openstack/openstack\"]",
      "instances": [
        {
          "schema_version": 0,
          "attributes": {
            "access_ip_v4": "192.168.2.36",
            "access_ip_v6": "",
            "admin_pass": null,
            "all_metadata": {},
            "all_tags": [],
            "availability_zone": "nova",
            "availability_zone_hints": null,
            "block_device": [],
            "config_drive": null,
            "flavor_id": "0932e847-86f6-432b-bd4e-efb65a9e4c7e",
            "flavor_name": "ssc.large",
            "floating_ip": null,
            "force_delete": false,
            "id": "1f87b112-05cb-4af2-bb38-44b36f9a67a5",
            "image_id": "0b7f5fb5-a25c-48b6-8578-06dbfa160723",
            "image_name": "Ubuntu 18.04",
            "key_pair": "keypairQTL",
            "metadata": null,
            "name": "spark_master-vm",
            "network": [
              {
                "access_network": false,
                "fixed_ip_v4": "192.168.2.36",
                "fixed_ip_v6": "",
                "floating_ip": "",
                "mac": "fa:16:3e:8e:d5:da",
                "name": "UPPMAX 2021/1-5 Internal IPv4 Network",
                "port": "",
                "uuid": "e91303a0-9bfb-404c-84ec-07d6fbf8f33c"
              }
            ],
            "network_mode": null,
            "personality": [],
            "power_state": "active",
            "region": "east-1",
            "scheduler_hints": [],
            "security_groups": [
              "default"
            ],
            "stop_before_destroy": false,
            "tags": null,
            "timeouts": null,
            "user_data": null,
            "vendor_options": [],
            "volume": []
          },
          "sensitive_attributes": [],
          "private": "eyJlMmJmYjczMC1lY2FhLTExZTYtOGY4OC0zNDM2M2JjN2M0YzAiOnsiY3JlYXRlIjoxODAwMDAwMDAwMDAwLCJkZWxldGUiOjE4MDAwMDAwMDAwMDAsInVwZGF0ZSI6MTgwMDAwMDAwMDAwMH19"
        }
      ]
    },
    {
      "mode": "managed",
      "type": "openstack_compute_instance_v2",
      "name": "worker",
      "provider": "provider[\"registry.terraform.io/terraform-provider-openstack/openstack\"]",
      "instances": [
        {
          "index_key": 0,
          "schema_version": 0,
          "attributes": {
            "access_ip_v4": "192.168.2.40",
            "access_ip_v6": "",
            "admin_pass": null,
            "all_metadata": {},
            "all_tags": [],
            "availability_zone": "nova",
            "availability_zone_hints": null,
            "block_device": [],
            "config_drive": null,
            "flavor_id": "0932e847-86f6-432b-bd4e-efb65a9e4c7e",
            "flavor_name": "ssc.large",
            "floating_ip": null,
            "force_delete": false,
            "id": "0932c68b-59b4-4051-ad80-eef8d3f9ba90",
            "image_id": "0b7f5fb5-a25c-48b6-8578-06dbfa160723",
            "image_name": "Ubuntu 18.04",
            "key_pair": "keypairQTL",
            "metadata": null,
            "name": "worker-vm",
            "network": [
              {
                "access_network": false,
                "fixed_ip_v4": "192.168.2.40",
                "fixed_ip_v6": "",
                "floating_ip": "",
                "mac": "fa:16:3e:3a:40:68",
                "name": "UPPMAX 2021/1-5 Internal IPv4 Network",
                "port": "",
                "uuid": "e91303a0-9bfb-404c-84ec-07d6fbf8f33c"
              }
            ],
            "network_mode": null,
            "personality": [],
            "power_state": "active",
            "region": "east-1",
            "scheduler_hints": [],
            "security_groups": [
              "default"
            ],
            "stop_before_destroy": false,
            "tags": null,
            "timeouts": null,
            "user_data": null,
            "vendor_options": [],
            "volume": []
          },
          "sensitive_attributes": [],
          "private": "eyJlMmJmYjczMC1lY2FhLTExZTYtOGY4OC0zNDM2M2JjN2M0YzAiOnsiY3JlYXRlIjoxODAwMDAwMDAwMDAwLCJkZWxldGUiOjE4MDAwMDAwMDAwMDAsInVwZGF0ZSI6MTgwMDAwMDAwMDAwMH19"
        },
        {
          "index_key": 1,
          "schema_version": 0,
          "attributes": {
            "access_ip_v4": "192.168.2.176",
            "access_ip_v6": "",
            "admin_pass": null,
            "all_metadata": {},
            "all_tags": [],
            "availability_zone": "nova",
            "availability_zone_hints": null,
            "block_device": [],
            "config_drive": null,
            "flavor_id": "0932e847-86f6-432b-bd4e-efb65a9e4c7e",
            "flavor_name": "ssc.large",
            "floating_ip": null,
            "force_delete": false,
            "id": "061ea950-49c3-4b91-b2c0-625a1b688b24",
            "image_id": "0b7f5fb5-a25c-48b6-8578-06dbfa160723",
            "image_name": "Ubuntu 18.04",
            "key_pair": "keypairQTL",
            "metadata": null,
            "name": "worker-vm",
            "network": [
              {
                "access_network": false,
                "fixed_ip_v4": "192.168.2.176",
                "fixed_ip_v6": "",
                "floating_ip": "",
                "mac": "fa:16:3e:54:9f:2e",
                "name": "UPPMAX 2021/1-5 Internal IPv4 Network",
                "port": "",
                "uuid": "e91303a0-9bfb-404c-84ec-07d6fbf8f33c"
              }
            ],
            "network_mode": null,
            "personality": [],
            "power_state": "active",
            "region": "east-1",
            "scheduler_hints": [],
            "security_groups": [
              "default"
            ],
            "stop_before_destroy": false,
            "tags": null,
            "timeouts": null,
            "user_data": null,
            "vendor_options": [],
            "volume": []
          },
          "sensitive_attributes": [],
          "private": "eyJlMmJmYjczMC1lY2FhLTExZTYtOGY4OC0zNDM2M2JjN2M0YzAiOnsiY3JlYXRlIjoxODAwMDAwMDAwMDAwLCJkZWxldGUiOjE4MDAwMDAwMDAwMDAsInVwZGF0ZSI6MTgwMDAwMDAwMDAwMH19"
        },
        {
          "index_key": 2,
          "schema_version": 0,
          "attributes": {
            "access_ip_v4": "192.168.2.57",
            "access_ip_v6": "",
            "admin_pass": null,
            "all_metadata": {},
            "all_tags": [],
            "availability_zone": "nova",
            "availability_zone_hints": null,
            "block_device": [],
            "config_drive": null,
            "flavor_id": "0932e847-86f6-432b-bd4e-efb65a9e4c7e",
            "flavor_name": "ssc.large",
            "floating_ip": null,
            "force_delete": false,
            "id": "cabb7460-6fc1-43df-9b0d-c8793a0c806f",
            "image_id": "0b7f5fb5-a25c-48b6-8578-06dbfa160723",
            "image_name": "Ubuntu 18.04",
            "key_pair": "keypairQTL",
            "metadata": null,
            "name": "worker-vm",
            "network": [
              {
                "access_network": false,
                "fixed_ip_v4": "192.168.2.57",
                "fixed_ip_v6": "",
                "floating_ip": "",
                "mac": "fa:16:3e:32:6e:7b",
                "name": "UPPMAX 2021/1-5 Internal IPv4 Network",
                "port": "",
                "uuid": "e91303a0-9bfb-404c-84ec-07d6fbf8f33c"
              }
            ],
            "network_mode": null,
            "personality": [],
            "power_state": "active",
            "region": "east-1",
            "scheduler_hints": [],
            "security_groups": [
              "default"
            ],
            "stop_before_destroy": false,
            "tags": null,
            "timeouts": null,
            "user_data": null,
            "vendor_options": [],
            "volume": []
          },
          "sensitive_attributes": [],
          "private": "eyJlMmJmYjczMC1lY2FhLTExZTYtOGY4OC0zNDM2M2JjN2M0YzAiOnsiY3JlYXRlIjoxODAwMDAwMDAwMDAwLCJkZWxldGUiOjE4MDAwMDAwMDAwMDAsInVwZGF0ZSI6MTgwMDAwMDAwMDAwMH19"
        }
      ]
    },
    {
      "mode": "managed",
      "type": "openstack_compute_keypair_v2",
      "name": "test-keypair",
      "provider": "provider[\"registry.terraform.io/terraform-provider-openstack/openstack\"]",
      "instances": [
        {
          "schema_version": 0,
          "attributes": {
            "fingerprint": "79:ea:fa:f8:6e:f9:bb:13:03:e8:46:57:90:f4:f7:e4",
            "id": "keypairQTL",
            "name": "keypairQTL",
            "private_key": "-----BEGIN RSA PRIVATE KEY-----\nMIIEpQIBAAKCAQEAr6CPlh8N3SPOVfgBcpr+0pQWTpaE0hmGEyvBZjDBsiBFBUIT\n757zEXTvzzsXhlaS1Db8AGGXqGwy1O8fTPju1IsvDKPnHeOtV0XfhO4pRiM4yPoW\n7F41VLnjyRlPhx6ThGoEpt6z8XaQWB3ZzaOXo2iqI7lT+wrj04lGWjDhZmYLWN+t\nIJoPEkPAvLtIblPL4o9y3gGegAz9n10Fl3n9Hf8J7bszWsVNUrm5mlK8tdPRyMvf\nBLlWfNVMGY4HQY8bW4zb024xIgTrk9mcZ6YPrGbAjukYvwaa377pDo0ZuAtONEeE\n4ENzQByElXd38CGpFExUpp1NnV6CtAM8mquOswIDAQABAoIBACf9rJRnb9W6EILc\n3R+GkZ3LoKS2e3oH29LDtN8bHQ/9bxn6aOW4UOrZsL2EXB/32Kk/9/PyRQFR2eVI\nqdzyFhgJtWXwcHEK5e6od3Qicv2Iiaah49Rgw04OogKpo8VFvht5tKN2tIy4Dbgy\n2+SKar4H2C4YRjo0yZnieUWSOdEB7JdSNnVfCZLHP3qkdU99ZBbYY7xR7WNqCMAQ\nwWPAsEuw4BPYyA9rD/eBq2BcdRB7qp7As5KqmfW3BOQO1X+A+f1v9QLYvt1xKjJe\n773pn/cGYshorKhYM4f+B2C+nIIa3njsiy36/Sl+Q7B1PFLX6NRbHvVEHV2uKZdG\ny49idoECgYEA5YAN/eTQEF/OeZatV7DcPefBtQ2lYBUradZ9dK8gYmXRXvHz4IV/\n/0XucwccuOnbpUtME8EEgp5mZEAM7u3lAAjVnqux2ZgP6xE4qw75kUEmYLPcAf3l\nKnCFS2yhF8ALSiujq0WbmlSTujsc38rkp2RpF6SC9c3TeeXdAHbt43MCgYEAw+gJ\n54IZBxbDzs9jzPTLzwbAl0oUMu9k6TsL5zizkBx/DcyslLiRmj3UGGB4XK0qBg5z\nfQy9V7++aE2LJ8KhWW7rR1TSj/C/ZlB7rkYj8b0xjlk3X8gh1fy1KGJCygPQLbBg\n8d57iMPQVvU1/WiRDZ9IYJA2H3Gcpcw9EhcdV8ECgYEAxtvtw8kHbJjHnV2td+V9\nAXsWwt4/JQFS69N6Q6gXpItbHy0Bx9OFtFkRI8TO439n3lNfaWJ/mPrN+CHz0vh5\nzEzbZTCa29PCP0pd0wMXxwAv0+0lPuiUMPDs3w0SjTTP04X6vMaE7PZKRz0/aL8y\n38TGt0DKZVji3KYLmIJ04PcCgYEAwiSK5C2OhfLue14VRkD2VSUY6RUVrWCGvYex\nhSQw9sj2tIM4KG48hQFu1fWMcjN9aOEbXDqqzXIMzSrDk9SSt6FvcpJB1Tm9RDTQ\nTOXfqypWGP6bHMWlmn3EPdAa5j4fKZgYirlz7RY4umRpa8cbsMdAH8nqiQC7P6eG\ngg38G0ECgYEAs01z7jUHCQbFJ+JIRRlU1csLfeqB2j55o3iUZoWE5lndRPaYhPGv\nlz3UpBp7LDCXMUPEhhQR9G5La7kJJYJNHMx60ozgJ08lPj41w2qJO4Y2KZbw+GQx\nW8GQ5THbzqIyQGpbN6InsJAIa3RCZXfvgkzet1XXWvR7B7bAIDNJonY=\n-----END RSA PRIVATE KEY-----\n",
            "public_key": "ssh-rsa AAAAB3NzaC1yc2EAAAADAQABAAABAQCvoI+WHw3dI85V+AFymv7SlBZOloTSGYYTK8FmMMGyIEUFQhPvnvMRdO/POxeGVpLUNvwAYZeobDLU7x9M+O7Uiy8Mo+cd461XRd+E7ilGIzjI+hbsXjVUuePJGU+HHpOEagSm3rPxdpBYHdnNo5ejaKojuVP7CuPTiUZaMOFmZgtY360gmg8SQ8C8u0huU8vij3LeAZ6ADP2fXQWXef0d/wntuzNaxU1SubmaUry109HIy98EuVZ81UwZjgdBjxtbjNvTbjEiBOuT2Zxnpg+sZsCO6Ri/BprfvukOjRm4C040R4TgQ3NAHISVd3fwIakUTFSmnU2dXoK0Azyaq46z Generated-by-Nova",
            "region": "east-1",
            "value_specs": null
          },
          "sensitive_attributes": [],
          "private": "bnVsbA=="
        }
      ]
    },
    {
      "mode": "managed",
      "type": "openstack_networking_floatingip_v2",
      "name": "floatip_1",
      "provider": "provider[\"registry.terraform.io/terraform-provider-openstack/openstack\"]",
      "instances": [
        {
          "schema_version": 0,
          "attributes": {
            "address": "130.238.28.15",
            "all_tags": [],
            "description": "",
            "dns_domain": "",
            "dns_name": "",
            "fixed_ip": "",
            "id": "8f67745a-9956-4274-a1d0-e79103ee87e2",
            "pool": "Public External IPv4 Network",
            "port_id": "",
            "region": "east-1",
            "subnet_id": null,
            "subnet_ids": null,
            "tags": [],
            "tenant_id": "c32d121b91b648738e64d50490c05505",
            "timeouts": null,
            "value_specs": null
          },
          "sensitive_attributes": [],
          "private": "eyJlMmJmYjczMC1lY2FhLTExZTYtOGY4OC0zNDM2M2JjN2M0YzAiOnsiY3JlYXRlIjo2MDAwMDAwMDAwMDAsImRlbGV0ZSI6NjAwMDAwMDAwMDAwfX0="
        }
      ]
    },
    {
      "mode": "managed",
      "type": "openstack_networking_floatingip_v2",
      "name": "floatip_2",
      "provider": "provider[\"registry.terraform.io/terraform-provider-openstack/openstack\"]",
      "instances": [
        {
          "schema_version": 0,
          "attributes": {
            "address": "130.238.28.211",
            "all_tags": [],
            "description": "",
            "dns_domain": "",
            "dns_name": "",
            "fixed_ip": "",
            "id": "3d6fd5ce-1eda-4d46-81b0-943cd3a394ff",
            "pool": "Public External IPv4 Network",
            "port_id": "",
            "region": "east-1",
            "subnet_id": null,
            "subnet_ids": null,
            "tags": [],
            "tenant_id": "c32d121b91b648738e64d50490c05505",
            "timeouts": null,
            "value_specs": null
          },
          "sensitive_attributes": [],
          "private": "eyJlMmJmYjczMC1lY2FhLTExZTYtOGY4OC0zNDM2M2JjN2M0YzAiOnsiY3JlYXRlIjo2MDAwMDAwMDAwMDAsImRlbGV0ZSI6NjAwMDAwMDAwMDAwfX0="
        }
      ]
    },
    {
      "mode": "managed",
      "type": "openstack_networking_floatingip_v2",
      "name": "floatip_3",
      "provider": "provider[\"registry.terraform.io/terraform-provider-openstack/openstack\"]",
      "instances": [
        {
          "index_key": 0,
          "schema_version": 0,
          "attributes": {
            "address": "130.238.29.48",
            "all_tags": [],
            "description": "",
            "dns_domain": "",
            "dns_name": "",
            "fixed_ip": "",
            "id": "27f12fb2-fcf6-4ddf-8ff7-231c1f701e05",
            "pool": "Public External IPv4 Network",
            "port_id": "",
            "region": "east-1",
            "subnet_id": null,
            "subnet_ids": null,
            "tags": [],
            "tenant_id": "c32d121b91b648738e64d50490c05505",
            "timeouts": null,
            "value_specs": null
          },
          "sensitive_attributes": [],
          "private": "eyJlMmJmYjczMC1lY2FhLTExZTYtOGY4OC0zNDM2M2JjN2M0YzAiOnsiY3JlYXRlIjo2MDAwMDAwMDAwMDAsImRlbGV0ZSI6NjAwMDAwMDAwMDAwfX0="
        },
        {
          "index_key": 1,
          "schema_version": 0,
          "attributes": {
            "address": "130.238.29.130",
            "all_tags": [],
            "description": "",
            "dns_domain": "",
            "dns_name": "",
            "fixed_ip": "",
            "id": "f296e033-7bfb-4bb6-9c8a-3fb95e868977",
            "pool": "Public External IPv4 Network",
            "port_id": "",
            "region": "east-1",
            "subnet_id": null,
            "subnet_ids": null,
            "tags": null,
            "tenant_id": "c32d121b91b648738e64d50490c05505",
            "timeouts": null,
            "value_specs": null
          },
          "sensitive_attributes": [],
          "private": "eyJlMmJmYjczMC1lY2FhLTExZTYtOGY4OC0zNDM2M2JjN2M0YzAiOnsiY3JlYXRlIjo2MDAwMDAwMDAwMDAsImRlbGV0ZSI6NjAwMDAwMDAwMDAwfX0="
        },
        {
          "index_key": 2,
          "schema_version": 0,
          "attributes": {
            "address": "130.238.28.87",
            "all_tags": [],
            "description": "",
            "dns_domain": "",
            "dns_name": "",
            "fixed_ip": "",
            "id": "d8acfd98-b430-4b93-b083-91052c3a34c3",
            "pool": "Public External IPv4 Network",
            "port_id": "",
            "region": "east-1",
            "subnet_id": null,
            "subnet_ids": null,
            "tags": null,
            "tenant_id": "c32d121b91b648738e64d50490c05505",
            "timeouts": null,
            "value_specs": null
          },
          "sensitive_attributes": [],
          "private": "eyJlMmJmYjczMC1lY2FhLTExZTYtOGY4OC0zNDM2M2JjN2M0YzAiOnsiY3JlYXRlIjo2MDAwMDAwMDAwMDAsImRlbGV0ZSI6NjAwMDAwMDAwMDAwfX0="
        }
      ]
    }
  ]
}
