{
  "version": 4,
  "terraform_version": "1.0.9",
  "serial": 360,
  "lineage": "fca32d84-9e22-b890-b97b-26337d1ca181",
  "outputs": {},
  "resources": [
    {
      "mode": "managed",
      "type": "openstack_compute_floatingip_associate_v2",
      "name": "floatip_1",
      "provider": "provider[\"registry.terraform.io/terraform-provider-openstack/openstack\"]",
      "instances": [
        {
          "schema_version": 0,
          "attributes": {
            "fixed_ip": "",
            "floating_ip": "130.238.28.134",
            "id": "130.238.28.134/644f0a61-3b8b-4eac-9ecf-36f2141d24b3/",
            "instance_id": "644f0a61-3b8b-4eac-9ecf-36f2141d24b3",
            "region": "east-1",
            "timeouts": null,
            "wait_until_associated": null
          },
          "sensitive_attributes": [],
          "private": "eyJlMmJmYjczMC1lY2FhLTExZTYtOGY4OC0zNDM2M2JjN2M0YzAiOnsiY3JlYXRlIjo2MDAwMDAwMDAwMDB9fQ==",
          "dependencies": [
            "openstack_compute_instance_v2.ansible_master",
            "openstack_networking_floatingip_v2.floatip_1"
          ]
        }
      ]
    },
    {
      "mode": "managed",
      "type": "openstack_compute_floatingip_associate_v2",
      "name": "floatip_2",
      "provider": "provider[\"registry.terraform.io/terraform-provider-openstack/openstack\"]",
      "instances": [
        {
          "schema_version": 0,
          "attributes": {
            "fixed_ip": "",
            "floating_ip": "130.238.28.54",
            "id": "130.238.28.54/2fe76b96-0365-46e6-83c9-9fe32c3748f3/",
            "instance_id": "2fe76b96-0365-46e6-83c9-9fe32c3748f3",
            "region": "east-1",
            "timeouts": null,
            "wait_until_associated": null
          },
          "sensitive_attributes": [],
          "private": "eyJlMmJmYjczMC1lY2FhLTExZTYtOGY4OC0zNDM2M2JjN2M0YzAiOnsiY3JlYXRlIjo2MDAwMDAwMDAwMDB9fQ==",
          "dependencies": [
            "openstack_compute_instance_v2.spark_master",
            "openstack_networking_floatingip_v2.floatip_2"
          ]
        }
      ]
    },
    {
      "mode": "managed",
      "type": "openstack_compute_floatingip_associate_v2",
      "name": "floatip_3",
      "provider": "provider[\"registry.terraform.io/terraform-provider-openstack/openstack\"]",
      "instances": []
    },
    {
      "mode": "managed",
      "type": "openstack_compute_instance_v2",
      "name": "ansible_master",
      "provider": "provider[\"registry.terraform.io/terraform-provider-openstack/openstack\"]",
      "instances": [
        {
          "schema_version": 0,
          "attributes": {
            "access_ip_v4": "192.168.2.252",
            "access_ip_v6": "",
            "admin_pass": null,
            "all_metadata": {},
            "all_tags": [],
            "availability_zone": "nova",
            "availability_zone_hints": null,
            "block_device": [],
            "config_drive": null,
            "flavor_id": "0932e847-86f6-432b-bd4e-efb65a9e4c7e",
            "flavor_name": "ssc.large",
            "floating_ip": null,
            "force_delete": false,
            "id": "644f0a61-3b8b-4eac-9ecf-36f2141d24b3",
            "image_id": "0b7f5fb5-a25c-48b6-8578-06dbfa160723",
            "image_name": "Ubuntu 18.04",
            "key_pair": "keypairQTL",
            "metadata": null,
            "name": "ansible_master-vm",
            "network": [
              {
                "access_network": false,
                "fixed_ip_v4": "192.168.2.252",
                "fixed_ip_v6": "",
                "floating_ip": "",
                "mac": "fa:16:3e:3f:62:6d",
                "name": "UPPMAX 2021/1-5 Internal IPv4 Network",
                "port": "",
                "uuid": "e91303a0-9bfb-404c-84ec-07d6fbf8f33c"
              }
            ],
            "network_mode": null,
            "personality": [],
            "power_state": "active",
            "region": "east-1",
            "scheduler_hints": [],
            "security_groups": [
              "default"
            ],
            "stop_before_destroy": false,
            "tags": null,
            "timeouts": null,
            "user_data": null,
            "vendor_options": [],
            "volume": []
          },
          "sensitive_attributes": [],
          "private": "eyJlMmJmYjczMC1lY2FhLTExZTYtOGY4OC0zNDM2M2JjN2M0YzAiOnsiY3JlYXRlIjoxODAwMDAwMDAwMDAwLCJkZWxldGUiOjE4MDAwMDAwMDAwMDAsInVwZGF0ZSI6MTgwMDAwMDAwMDAwMH19"
        }
      ]
    },
    {
      "mode": "managed",
      "type": "openstack_compute_instance_v2",
      "name": "spark_master",
      "provider": "provider[\"registry.terraform.io/terraform-provider-openstack/openstack\"]",
      "instances": [
        {
          "schema_version": 0,
          "attributes": {
            "access_ip_v4": "192.168.2.75",
            "access_ip_v6": "",
            "admin_pass": null,
            "all_metadata": {},
            "all_tags": [],
            "availability_zone": "nova",
            "availability_zone_hints": null,
            "block_device": [],
            "config_drive": null,
            "flavor_id": "0932e847-86f6-432b-bd4e-efb65a9e4c7e",
            "flavor_name": "ssc.large",
            "floating_ip": null,
            "force_delete": false,
            "id": "2fe76b96-0365-46e6-83c9-9fe32c3748f3",
            "image_id": "0b7f5fb5-a25c-48b6-8578-06dbfa160723",
            "image_name": "Ubuntu 18.04",
            "key_pair": "keypairQTL",
            "metadata": null,
            "name": "spark_master-vm",
            "network": [
              {
                "access_network": false,
                "fixed_ip_v4": "192.168.2.75",
                "fixed_ip_v6": "",
                "floating_ip": "",
                "mac": "fa:16:3e:f1:3f:dc",
                "name": "UPPMAX 2021/1-5 Internal IPv4 Network",
                "port": "",
                "uuid": "e91303a0-9bfb-404c-84ec-07d6fbf8f33c"
              }
            ],
            "network_mode": null,
            "personality": [],
            "power_state": "active",
            "region": "east-1",
            "scheduler_hints": [],
            "security_groups": [
              "default"
            ],
            "stop_before_destroy": false,
            "tags": null,
            "timeouts": null,
            "user_data": null,
            "vendor_options": [],
            "volume": []
          },
          "sensitive_attributes": [],
          "private": "eyJlMmJmYjczMC1lY2FhLTExZTYtOGY4OC0zNDM2M2JjN2M0YzAiOnsiY3JlYXRlIjoxODAwMDAwMDAwMDAwLCJkZWxldGUiOjE4MDAwMDAwMDAwMDAsInVwZGF0ZSI6MTgwMDAwMDAwMDAwMH19"
        }
      ]
    },
    {
      "mode": "managed",
      "type": "openstack_compute_instance_v2",
      "name": "worker",
      "provider": "provider[\"registry.terraform.io/terraform-provider-openstack/openstack\"]",
      "instances": [
        {
          "index_key": 0,
          "status": "tainted",
          "schema_version": 0,
          "attributes": {
            "access_ip_v4": null,
            "access_ip_v6": null,
            "admin_pass": null,
            "all_metadata": null,
            "all_tags": [],
            "availability_zone": null,
            "availability_zone_hints": null,
            "block_device": [],
            "config_drive": null,
            "flavor_id": null,
            "flavor_name": "ssc.large",
            "floating_ip": null,
            "force_delete": false,
            "id": "28ac40cb-882f-4549-b158-33693c152e1e",
            "image_id": "0b7f5fb5-a25c-48b6-8578-06dbfa160723",
            "image_name": null,
            "key_pair": "keypairQTL",
            "metadata": null,
            "name": "worker-vm",
            "network": [
              {
                "access_network": false,
                "fixed_ip_v4": "",
                "fixed_ip_v6": "",
                "floating_ip": "",
                "mac": "",
                "name": "UPPMAX 2021/1-5 Internal IPv4 Network",
                "port": "",
                "uuid": ""
              }
            ],
            "network_mode": null,
            "personality": [],
            "power_state": "active",
            "region": null,
            "scheduler_hints": [],
            "security_groups": [
              "default"
            ],
            "stop_before_destroy": false,
            "tags": null,
            "timeouts": null,
            "user_data": null,
            "vendor_options": [],
            "volume": []
          },
          "sensitive_attributes": [],
          "private": "eyJlMmJmYjczMC1lY2FhLTExZTYtOGY4OC0zNDM2M2JjN2M0YzAiOnsiY3JlYXRlIjoxODAwMDAwMDAwMDAwLCJkZWxldGUiOjE4MDAwMDAwMDAwMDAsInVwZGF0ZSI6MTgwMDAwMDAwMDAwMH19"
        },
        {
          "index_key": 1,
          "schema_version": 0,
          "attributes": {
            "access_ip_v4": "192.168.2.147",
            "access_ip_v6": "",
            "admin_pass": null,
            "all_metadata": {},
            "all_tags": [],
            "availability_zone": "nova",
            "availability_zone_hints": null,
            "block_device": [],
            "config_drive": null,
            "flavor_id": "0932e847-86f6-432b-bd4e-efb65a9e4c7e",
            "flavor_name": "ssc.large",
            "floating_ip": null,
            "force_delete": false,
            "id": "74eff4f7-60d9-4138-af6c-5a769be36079",
            "image_id": "0b7f5fb5-a25c-48b6-8578-06dbfa160723",
            "image_name": "Ubuntu 18.04",
            "key_pair": "keypairQTL",
            "metadata": null,
            "name": "worker-vm",
            "network": [
              {
                "access_network": false,
                "fixed_ip_v4": "192.168.2.147",
                "fixed_ip_v6": "",
                "floating_ip": "",
                "mac": "fa:16:3e:62:ed:ae",
                "name": "UPPMAX 2021/1-5 Internal IPv4 Network",
                "port": "",
                "uuid": "e91303a0-9bfb-404c-84ec-07d6fbf8f33c"
              }
            ],
            "network_mode": null,
            "personality": [],
            "power_state": "active",
            "region": "east-1",
            "scheduler_hints": [],
            "security_groups": [
              "default"
            ],
            "stop_before_destroy": false,
            "tags": null,
            "timeouts": null,
            "user_data": null,
            "vendor_options": [],
            "volume": []
          },
          "sensitive_attributes": [],
          "private": "eyJlMmJmYjczMC1lY2FhLTExZTYtOGY4OC0zNDM2M2JjN2M0YzAiOnsiY3JlYXRlIjoxODAwMDAwMDAwMDAwLCJkZWxldGUiOjE4MDAwMDAwMDAwMDAsInVwZGF0ZSI6MTgwMDAwMDAwMDAwMH19"
        },
        {
          "index_key": 2,
          "schema_version": 0,
          "attributes": {
            "access_ip_v4": "192.168.2.213",
            "access_ip_v6": "",
            "admin_pass": null,
            "all_metadata": {},
            "all_tags": [],
            "availability_zone": "nova",
            "availability_zone_hints": null,
            "block_device": [],
            "config_drive": null,
            "flavor_id": "0932e847-86f6-432b-bd4e-efb65a9e4c7e",
            "flavor_name": "ssc.large",
            "floating_ip": null,
            "force_delete": false,
            "id": "d8b57a48-f652-4c0a-82a6-5f9a6a7b2ca7",
            "image_id": "0b7f5fb5-a25c-48b6-8578-06dbfa160723",
            "image_name": "Ubuntu 18.04",
            "key_pair": "keypairQTL",
            "metadata": null,
            "name": "worker-vm",
            "network": [
              {
                "access_network": false,
                "fixed_ip_v4": "192.168.2.213",
                "fixed_ip_v6": "",
                "floating_ip": "",
                "mac": "fa:16:3e:bd:4f:bd",
                "name": "UPPMAX 2021/1-5 Internal IPv4 Network",
                "port": "",
                "uuid": "e91303a0-9bfb-404c-84ec-07d6fbf8f33c"
              }
            ],
            "network_mode": null,
            "personality": [],
            "power_state": "active",
            "region": "east-1",
            "scheduler_hints": [],
            "security_groups": [
              "default"
            ],
            "stop_before_destroy": false,
            "tags": null,
            "timeouts": null,
            "user_data": null,
            "vendor_options": [],
            "volume": []
          },
          "sensitive_attributes": [],
          "private": "eyJlMmJmYjczMC1lY2FhLTExZTYtOGY4OC0zNDM2M2JjN2M0YzAiOnsiY3JlYXRlIjoxODAwMDAwMDAwMDAwLCJkZWxldGUiOjE4MDAwMDAwMDAwMDAsInVwZGF0ZSI6MTgwMDAwMDAwMDAwMH19"
        },
        {
          "index_key": 3,
          "schema_version": 0,
          "attributes": {
            "access_ip_v4": "192.168.2.11",
            "access_ip_v6": "",
            "admin_pass": null,
            "all_metadata": {},
            "all_tags": [],
            "availability_zone": "nova",
            "availability_zone_hints": null,
            "block_device": [],
            "config_drive": null,
            "flavor_id": "0932e847-86f6-432b-bd4e-efb65a9e4c7e",
            "flavor_name": "ssc.large",
            "floating_ip": null,
            "force_delete": false,
            "id": "3f2d85c5-2522-4a49-a7e9-36700da369ac",
            "image_id": "0b7f5fb5-a25c-48b6-8578-06dbfa160723",
            "image_name": "Ubuntu 18.04",
            "key_pair": "keypairQTL",
            "metadata": null,
            "name": "worker-vm",
            "network": [
              {
                "access_network": false,
                "fixed_ip_v4": "192.168.2.11",
                "fixed_ip_v6": "",
                "floating_ip": "",
                "mac": "fa:16:3e:d0:2f:09",
                "name": "UPPMAX 2021/1-5 Internal IPv4 Network",
                "port": "",
                "uuid": "e91303a0-9bfb-404c-84ec-07d6fbf8f33c"
              }
            ],
            "network_mode": null,
            "personality": [],
            "power_state": "active",
            "region": "east-1",
            "scheduler_hints": [],
            "security_groups": [
              "default"
            ],
            "stop_before_destroy": false,
            "tags": null,
            "timeouts": null,
            "user_data": null,
            "vendor_options": [],
            "volume": []
          },
          "sensitive_attributes": [],
          "private": "eyJlMmJmYjczMC1lY2FhLTExZTYtOGY4OC0zNDM2M2JjN2M0YzAiOnsiY3JlYXRlIjoxODAwMDAwMDAwMDAwLCJkZWxldGUiOjE4MDAwMDAwMDAwMDAsInVwZGF0ZSI6MTgwMDAwMDAwMDAwMH19"
        },
        {
          "index_key": 4,
          "schema_version": 0,
          "attributes": {
            "access_ip_v4": "192.168.2.12",
            "access_ip_v6": "",
            "admin_pass": null,
            "all_metadata": {},
            "all_tags": [],
            "availability_zone": "nova",
            "availability_zone_hints": null,
            "block_device": [],
            "config_drive": null,
            "flavor_id": "0932e847-86f6-432b-bd4e-efb65a9e4c7e",
            "flavor_name": "ssc.large",
            "floating_ip": null,
            "force_delete": false,
            "id": "d336eae0-b8ff-4161-8093-c81a4d37bca9",
            "image_id": "0b7f5fb5-a25c-48b6-8578-06dbfa160723",
            "image_name": "Ubuntu 18.04",
            "key_pair": "keypairQTL",
            "metadata": null,
            "name": "worker-vm",
            "network": [
              {
                "access_network": false,
                "fixed_ip_v4": "192.168.2.12",
                "fixed_ip_v6": "",
                "floating_ip": "",
                "mac": "fa:16:3e:01:53:c8",
                "name": "UPPMAX 2021/1-5 Internal IPv4 Network",
                "port": "",
                "uuid": "e91303a0-9bfb-404c-84ec-07d6fbf8f33c"
              }
            ],
            "network_mode": null,
            "personality": [],
            "power_state": "active",
            "region": "east-1",
            "scheduler_hints": [],
            "security_groups": [
              "default"
            ],
            "stop_before_destroy": false,
            "tags": null,
            "timeouts": null,
            "user_data": null,
            "vendor_options": [],
            "volume": []
          },
          "sensitive_attributes": [],
          "private": "eyJlMmJmYjczMC1lY2FhLTExZTYtOGY4OC0zNDM2M2JjN2M0YzAiOnsiY3JlYXRlIjoxODAwMDAwMDAwMDAwLCJkZWxldGUiOjE4MDAwMDAwMDAwMDAsInVwZGF0ZSI6MTgwMDAwMDAwMDAwMH19"
        }
      ]
    },
    {
      "mode": "managed",
      "type": "openstack_compute_keypair_v2",
      "name": "test-keypair",
      "provider": "provider[\"registry.terraform.io/terraform-provider-openstack/openstack\"]",
      "instances": [
        {
          "schema_version": 0,
          "attributes": {
            "fingerprint": "a3:70:cb:71:ba:f2:c1:b7:b4:59:e4:5d:8d:1e:6d:19",
            "id": "keypairQTL",
            "name": "keypairQTL",
            "private_key": "-----BEGIN RSA PRIVATE KEY-----\nMIIEpQIBAAKCAQEAttUmTHxpPN+iU3MuLVOV5XEMScR4rv/iKisUo0QH0GZEPGyg\nWz8n48vKXjmhopVmjT55y8NteBuFe55c4B6NGSJmTNHI2RAbNpIKaxpyVJY1A2Gm\nAyVsnJ9wx12kpXNnI3jPpcTKLaD5t6Ok7nmkf+bkv4qKhkHVi38LsZxzQdlZoTbO\nuy+4uuFcSWnXdoUSVvm2NWv0gfkrIpejNzuglJjgFx1LOe3JtNhfdp7TEMZG8fsG\nXJpwW3aWpsYKQY+KcyXnCW8sW8eFtbDJk8eV9syj81SYiDDtd+9GnhKFnRG0WCl4\nEscNe7gzU/okeuk9VOqsj3IaMbQ6gs0FqKEsdQIDAQABAoIBACIHjjdSOKwx2564\no3GgSxgHcIgSX3wC+G9s0UyKDwJE5pJwjXAuUxhdB+99vo3qTMohRL4eQ7PFO5UE\npri4Nv7knjHSIhX0n3wKtpG0vG7t/jQA6stPHeYQ7wbMcSayUhISHGP4OsE/YvtB\nJCOW1H1R1mWoPZw7iKmMHfsS6YjpwLABW2mZKR1dlwaZFxuMhUIPW9kNtH+EWC+E\nLwOYonBX1XhpoVdBSzBw7vIW6OgMThUdy6VEm1ab4ZHwoqXT7L+xXWLsfUvJADgW\nJbtrT+LctQP2Lb6LigpM5Z1yYKmvJGRM5hHbw90QTyyepQ0Poh5E3ALuck9ujCg1\nQV0dTIECgYEA6ltEc38jiPcur194xUnD0hvY5ED8luZsKpHU/qH6ZMCRKQZWUJUy\nYGO0WifX8VLCu9l3T0jktlhqn1otwFAPyuDV9czo5KWVzKBvB4SwGpSK+mKkpkFb\nYP9KHJ5a82lH4ArIr9zMilrv38FzYbNla9LoLxnAe1O3Eplo5W1IR4UCgYEAx7e8\nz0Xbhg1ZArR22T6aB7i+ZI/KX/l4m+odjDNg7GSKjWFNbWHP4qtsphbJVl4+2Zl2\nJDqy0VLwmFuIiUXFXwoFHzEm88y6Y/qNvCZSzlIq/7lVys5Ms201Y4nFIF4Et6VJ\nZQ1Z4hkY/uQguo8A4F5lKlA+SqtvH8t51eNQTDECgYEAjVbP2Kwz3TXeZQw6RRnw\nzLXYwAhljgiX8bCT+aHs5niw00IsKltgz3syWTEwbi2QnkRQTXPT5Bk87LAxaYuf\niqbAw4Z6avNmfcvASpN+tfkiPFHjpRVDrCMrKkli5ux22asHT/DlNwgTJSqBkMnl\n//pp54YrbPWXMtNszPl0nxUCgYEAjaDLoUVN3qtaguONIJQXUQB+6/tYLWVRVWfZ\nmlHZGupVotrsuHPTo0+jlci08K2W7mK4eAq0QmMJwVGv6oDy7WnCphMKJ3v4dev5\nVQLsV+nHGl/I6jAQDnGUmcjaZRCnUcBB4wprwj3ADwmh+ApvOa1XGoGbGwKlpCt8\nc+RmThECgYEAwxflcnxnWIdiWN4G8DgMddfp9egoCJ3hsruDOUYVhR/Uq5oEPtuJ\n1PiGRmeZCTD34BrRNDHe8+VR8/cXUvghVpFta1G65pgk/EzLAvwOOWcFLUmxDjvs\naMEPJi6kwgbglhlucobj55t9fN5lm0SO5L4H1hHK/vw1xHz0fkhA7T8=\n-----END RSA PRIVATE KEY-----\n",
            "public_key": "ssh-rsa AAAAB3NzaC1yc2EAAAADAQABAAABAQC21SZMfGk836JTcy4tU5XlcQxJxHiu/+IqKxSjRAfQZkQ8bKBbPyfjy8peOaGilWaNPnnLw214G4V7nlzgHo0ZImZM0cjZEBs2kgprGnJUljUDYaYDJWycn3DHXaSlc2cjeM+lxMotoPm3o6TueaR/5uS/ioqGQdWLfwuxnHNB2VmhNs67L7i64VxJadd2hRJW+bY1a/SB+Ssil6M3O6CUmOAXHUs57cm02F92ntMQxkbx+wZcmnBbdpamxgpBj4pzJecJbyxbx4W1sMmTx5X2zKPzVJiIMO1370aeEoWdEbRYKXgSxw17uDNT+iR66T1U6qyPchoxtDqCzQWooSx1 Generated-by-Nova",
            "region": "east-1",
            "value_specs": null
          },
          "sensitive_attributes": [],
          "private": "bnVsbA=="
        }
      ]
    },
    {
      "mode": "managed",
      "type": "openstack_networking_floatingip_v2",
      "name": "floatip_1",
      "provider": "provider[\"registry.terraform.io/terraform-provider-openstack/openstack\"]",
      "instances": [
        {
          "schema_version": 0,
          "attributes": {
            "address": "130.238.28.134",
            "all_tags": [],
            "description": "",
            "dns_domain": "",
            "dns_name": "",
            "fixed_ip": "",
            "id": "4c6f7739-8a17-404f-a87a-19081ce24c26",
            "pool": "Public External IPv4 Network",
            "port_id": "",
            "region": "east-1",
            "subnet_id": null,
            "subnet_ids": null,
            "tags": null,
            "tenant_id": "c32d121b91b648738e64d50490c05505",
            "timeouts": null,
            "value_specs": null
          },
          "sensitive_attributes": [],
          "private": "eyJlMmJmYjczMC1lY2FhLTExZTYtOGY4OC0zNDM2M2JjN2M0YzAiOnsiY3JlYXRlIjo2MDAwMDAwMDAwMDAsImRlbGV0ZSI6NjAwMDAwMDAwMDAwfX0="
        }
      ]
    },
    {
      "mode": "managed",
      "type": "openstack_networking_floatingip_v2",
      "name": "floatip_2",
      "provider": "provider[\"registry.terraform.io/terraform-provider-openstack/openstack\"]",
      "instances": [
        {
          "schema_version": 0,
          "attributes": {
            "address": "130.238.28.54",
            "all_tags": [],
            "description": "",
            "dns_domain": "",
            "dns_name": "",
            "fixed_ip": "",
            "id": "c5f24a5e-c0e6-488e-a7f5-36a5877637d6",
            "pool": "Public External IPv4 Network",
            "port_id": "",
            "region": "east-1",
            "subnet_id": null,
            "subnet_ids": null,
            "tags": null,
            "tenant_id": "c32d121b91b648738e64d50490c05505",
            "timeouts": null,
            "value_specs": null
          },
          "sensitive_attributes": [],
          "private": "eyJlMmJmYjczMC1lY2FhLTExZTYtOGY4OC0zNDM2M2JjN2M0YzAiOnsiY3JlYXRlIjo2MDAwMDAwMDAwMDAsImRlbGV0ZSI6NjAwMDAwMDAwMDAwfX0="
        }
      ]
    },
    {
      "mode": "managed",
      "type": "openstack_networking_floatingip_v2",
      "name": "floatip_3",
      "provider": "provider[\"registry.terraform.io/terraform-provider-openstack/openstack\"]",
      "instances": [
        {
          "index_key": 0,
          "schema_version": 0,
          "attributes": {
            "address": "130.238.28.155",
            "all_tags": [],
            "description": "",
            "dns_domain": "",
            "dns_name": "",
            "fixed_ip": "",
            "id": "543a646e-f155-4f9c-8e11-6ddb6bf51b64",
            "pool": "Public External IPv4 Network",
            "port_id": "",
            "region": "east-1",
            "subnet_id": null,
            "subnet_ids": null,
            "tags": null,
            "tenant_id": "c32d121b91b648738e64d50490c05505",
            "timeouts": null,
            "value_specs": null
          },
          "sensitive_attributes": [],
          "private": "eyJlMmJmYjczMC1lY2FhLTExZTYtOGY4OC0zNDM2M2JjN2M0YzAiOnsiY3JlYXRlIjo2MDAwMDAwMDAwMDAsImRlbGV0ZSI6NjAwMDAwMDAwMDAwfX0="
        },
        {
          "index_key": 1,
          "schema_version": 0,
          "attributes": {
            "address": "130.238.29.195",
            "all_tags": [],
            "description": "",
            "dns_domain": "",
            "dns_name": "",
            "fixed_ip": "",
            "id": "8c1f379e-63e0-484b-8245-4e78ad031f9d",
            "pool": "Public External IPv4 Network",
            "port_id": "",
            "region": "east-1",
            "subnet_id": null,
            "subnet_ids": null,
            "tags": null,
            "tenant_id": "c32d121b91b648738e64d50490c05505",
            "timeouts": null,
            "value_specs": null
          },
          "sensitive_attributes": [],
          "private": "eyJlMmJmYjczMC1lY2FhLTExZTYtOGY4OC0zNDM2M2JjN2M0YzAiOnsiY3JlYXRlIjo2MDAwMDAwMDAwMDAsImRlbGV0ZSI6NjAwMDAwMDAwMDAwfX0="
        },
        {
          "index_key": 2,
          "schema_version": 0,
          "attributes": {
            "address": "130.238.28.207",
            "all_tags": [],
            "description": "",
            "dns_domain": "",
            "dns_name": "",
            "fixed_ip": "",
            "id": "71c3d940-868f-4ba6-a851-84c1c6350692",
            "pool": "Public External IPv4 Network",
            "port_id": "",
            "region": "east-1",
            "subnet_id": null,
            "subnet_ids": null,
            "tags": null,
            "tenant_id": "c32d121b91b648738e64d50490c05505",
            "timeouts": null,
            "value_specs": null
          },
          "sensitive_attributes": [],
          "private": "eyJlMmJmYjczMC1lY2FhLTExZTYtOGY4OC0zNDM2M2JjN2M0YzAiOnsiY3JlYXRlIjo2MDAwMDAwMDAwMDAsImRlbGV0ZSI6NjAwMDAwMDAwMDAwfX0="
        },
        {
          "index_key": 3,
          "schema_version": 0,
          "attributes": {
            "address": "130.238.28.211",
            "all_tags": [],
            "description": "",
            "dns_domain": "",
            "dns_name": "",
            "fixed_ip": "",
            "id": "73ea045f-e7c6-4c70-b9f8-b2676682a884",
            "pool": "Public External IPv4 Network",
            "port_id": "",
            "region": "east-1",
            "subnet_id": null,
            "subnet_ids": null,
            "tags": null,
            "tenant_id": "c32d121b91b648738e64d50490c05505",
            "timeouts": null,
            "value_specs": null
          },
          "sensitive_attributes": [],
          "private": "eyJlMmJmYjczMC1lY2FhLTExZTYtOGY4OC0zNDM2M2JjN2M0YzAiOnsiY3JlYXRlIjo2MDAwMDAwMDAwMDAsImRlbGV0ZSI6NjAwMDAwMDAwMDAwfX0="
        },
        {
          "index_key": 4,
          "schema_version": 0,
          "attributes": {
            "address": "130.238.28.189",
            "all_tags": [],
            "description": "",
            "dns_domain": "",
            "dns_name": "",
            "fixed_ip": "",
            "id": "f591cfdf-cbeb-4a68-8449-b5c1b2f0b7d5",
            "pool": "Public External IPv4 Network",
            "port_id": "",
            "region": "east-1",
            "subnet_id": null,
            "subnet_ids": null,
            "tags": null,
            "tenant_id": "c32d121b91b648738e64d50490c05505",
            "timeouts": null,
            "value_specs": null
          },
          "sensitive_attributes": [],
          "private": "eyJlMmJmYjczMC1lY2FhLTExZTYtOGY4OC0zNDM2M2JjN2M0YzAiOnsiY3JlYXRlIjo2MDAwMDAwMDAwMDAsImRlbGV0ZSI6NjAwMDAwMDAwMDAwfX0="
        }
      ]
    }
  ]
}
